version = 1
revision = 2
requires-python = "==3.10"
resolution-markers = [
    "sys_platform == 'linux'",
    "sys_platform == 'darwin'",
    "sys_platform != 'darwin' and sys_platform != 'linux'",
]

[[package]]
name = "hpc2k25-mpi"
version = "0.1.0"
source = { virtual = "." }
dependencies = [
    { name = "networkit", version = "11.1.post1", source = { registry = "https://pypi.org/simple" }, marker = "sys_platform == 'linux'" },
    { name = "networkit", version = "11.1.post1", source = { git = "https://github.com/networkit/networkit#9a8aa8c1f5b172155800ab68fc2fbe80cb150d6a" }, marker = "sys_platform == 'darwin'" },
    { name = "numpy" },
]

[package.metadata]
requires-dist = [
    { name = "networkit", marker = "sys_platform == 'darwin'", git = "https://github.com/networkit/networkit" },
    { name = "networkit", marker = "sys_platform == 'linux'" },
    { name = "numpy", specifier = "==1.25" },
]

[[package]]
name = "networkit"
version = "11.1.post1"
source = { registry = "https://pypi.org/simple" }
resolution-markers = [
    "sys_platform == 'linux'",
]
dependencies = [
    { name = "numpy", marker = "sys_platform == 'linux'" },
    { name = "scipy", marker = "sys_platform == 'linux'" },
]
wheels = [
    { url = "https://files.pythonhosted.org/packages/59/97/c2cdc7951c6f830a70075a3e3b5682eaa57842b6f0c9c21fd0e552122982/networkit-11.1.post1-cp310-cp310-manylinux_2_17_x86_64.manylinux2014_x86_64.whl", hash = "sha256:0544920ab9ebf59f7f3484c99f253451d46f0dfeff1b2523caa0dba0525076b5", size = 10961486, upload-time = "2025-03-17T14:13:08.353Z" },
]

[[package]]
name = "networkit"
version = "11.1.post1"
source = { git = "https://github.com/networkit/networkit#9a8aa8c1f5b172155800ab68fc2fbe80cb150d6a" }
resolution-markers = [
    "sys_platform == 'darwin'",
]
dependencies = [
    { name = "numpy", marker = "sys_platform == 'darwin'" },
    { name = "scipy", marker = "sys_platform == 'darwin'" },
]

[[package]]
name = "numpy"
version = "1.25.0"
source = { registry = "https://pypi.org/simple" }
sdist = { url = "https://files.pythonhosted.org/packages/d0/b2/fe774844d1857804cc884bba67bec38f649c99d0dc1ee7cbbf1da601357c/numpy-1.25.0.tar.gz", hash = "sha256:f1accae9a28dc3cda46a91de86acf69de0d1b5f4edd44a9b0c3ceb8036dfff19", size = 10426700, upload-time = "2023-06-17T14:58:46.772Z" }
wheels = [
    { url = "https://files.pythonhosted.org/packages/a7/71/8cadc39a58fc18a91ad135c3a33b6a6a7c0ccf00adb4263d6f2aebf8124d/numpy-1.25.0-cp310-cp310-macosx_10_9_x86_64.whl", hash = "sha256:8aa130c3042052d656751df5e81f6d61edff3e289b5994edcf77f54118a8d9f4", size = 20055608, upload-time = "2023-06-17T14:38:18.191Z" },
    { url = "https://files.pythonhosted.org/packages/c8/7c/87cf5dc663803120901302db2494e625d762e19060b390d925e3e8666b18/numpy-1.25.0-cp310-cp310-macosx_11_0_arm64.whl", hash = "sha256:9e3f2b96e3b63c978bc29daaa3700c028fe3f049ea3031b58aa33fe2a5809d24", size = 13963319, upload-time = "2023-06-17T14:38:43.551Z" },
    { url = "https://files.pythonhosted.org/packages/ed/f6/1ce8d0bdcf926a5d94ae2a793eee4364c76ba2d1a5b73ee9de9aebc3a0e0/numpy-1.25.0-cp310-cp310-manylinux_2_17_aarch64.manylinux2014_aarch64.whl", hash = "sha256:d6b267f349a99d3908b56645eebf340cb58f01bd1e773b4eea1a905b3f0e4208", size = 14132512, upload-time = "2023-06-17T14:39:06.095Z" },
    { url = "https://files.pythonhosted.org/packages/77/03/79b0bfc6e9dcd5eabbb17a714a2480ad3f932063eb8b39f6116ac207d5e3/numpy-1.25.0-cp310-cp310-manylinux_2_17_x86_64.manylinux2014_x86_64.whl", hash = "sha256:4aedd08f15d3045a4e9c648f1e04daca2ab1044256959f1f95aafeeb3d794c16", size = 17612667, upload-time = "2023-06-17T14:39:33.741Z" },
    { url = "https://files.pythonhosted.org/packages/a8/a5/dded2b52d4a460f265973f2aaedc5ea82814d471241e5d17599506c4ee0e/numpy-1.25.0-cp310-cp310-musllinux_1_1_x86_64.whl", hash = "sha256:6d183b5c58513f74225c376643234c369468e02947b47942eacbb23c1671f25d", size = 17449973, upload-time = "2023-06-17T14:40:01.232Z" },
    { url = "https://files.pythonhosted.org/packages/a5/c7/586bc658351595f252dd6fa31a14ca28ca7de7d93171f933b1c193e7e32c/numpy-1.25.0-cp310-cp310-win32.whl", hash = "sha256:d76a84998c51b8b68b40448ddd02bd1081bb33abcdc28beee6cd284fe11036c6", size = 12607709, upload-time = "2023-06-17T14:40:24.806Z" },
    { url = "https://files.pythonhosted.org/packages/13/a0/bd219e125915e1d5706a5d00b87cd93932d6a204d976aea09fa0f36af5a1/numpy-1.25.0-cp310-cp310-win_amd64.whl", hash = "sha256:c0dc071017bc00abb7d7201bac06fa80333c6314477b3d10b52b58fa6a6e38f6", size = 15034656, upload-time = "2023-06-17T14:40:54.751Z" },
]

[[package]]
name = "scipy"
version = "1.13.1"
source = { registry = "https://pypi.org/simple" }
dependencies = [
    { name = "numpy", marker = "sys_platform == 'darwin' or sys_platform == 'linux'" },
]
sdist = { url = "https://files.pythonhosted.org/packages/ae/00/48c2f661e2816ccf2ecd77982f6605b2950afe60f60a52b4cbbc2504aa8f/scipy-1.13.1.tar.gz", hash = "sha256:095a87a0312b08dfd6a6155cbbd310a8c51800fc931b8c0b84003014b874ed3c", size = 57210720, upload-time = "2024-05-23T03:29:26.079Z" }
wheels = [
    { url = "https://files.pythonhosted.org/packages/33/59/41b2529908c002ade869623b87eecff3e11e3ce62e996d0bdcb536984187/scipy-1.13.1-cp310-cp310-macosx_10_9_x86_64.whl", hash = "sha256:20335853b85e9a49ff7572ab453794298bcf0354d8068c5f6775a0eabf350aca", size = 39328076, upload-time = "2024-05-23T03:19:01.687Z" },
    { url = "https://files.pythonhosted.org/packages/d5/33/f1307601f492f764062ce7dd471a14750f3360e33cd0f8c614dae208492c/scipy-1.13.1-cp310-cp310-macosx_12_0_arm64.whl", hash = "sha256:d605e9c23906d1994f55ace80e0125c587f96c020037ea6aa98d01b4bd2e222f", size = 30306232, upload-time = "2024-05-23T03:19:09.089Z" },
    { url = "https://files.pythonhosted.org/packages/c0/66/9cd4f501dd5ea03e4a4572ecd874936d0da296bd04d1c45ae1a4a75d9c3a/scipy-1.13.1-cp310-cp310-manylinux_2_17_aarch64.manylinux2014_aarch64.whl", hash = "sha256:cfa31f1def5c819b19ecc3a8b52d28ffdcc7ed52bb20c9a7589669dd3c250989", size = 33743202, upload-time = "2024-05-23T03:19:15.138Z" },
    { url = "https://files.pythonhosted.org/packages/a3/ba/7255e5dc82a65adbe83771c72f384d99c43063648456796436c9a5585ec3/scipy-1.13.1-cp310-cp310-manylinux_2_17_x86_64.manylinux2014_x86_64.whl", hash = "sha256:f26264b282b9da0952a024ae34710c2aff7d27480ee91a2e82b7b7073c24722f", size = 38577335, upload-time = "2024-05-23T03:19:21.984Z" },
    { url = "https://files.pythonhosted.org/packages/49/a5/bb9ded8326e9f0cdfdc412eeda1054b914dfea952bda2097d174f8832cc0/scipy-1.13.1-cp310-cp310-musllinux_1_1_x86_64.whl", hash = "sha256:eccfa1906eacc02de42d70ef4aecea45415f5be17e72b61bafcfd329bdc52e94", size = 38820728, upload-time = "2024-05-23T03:19:28.225Z" },
]
